memo = "c08fa2ea32caad0bbdafdd4071ba4d2ebdc3cd83e317c8b3f2ec7d1c1912b08c"

[[projects]]
  name = "github.com/Sirupsen/logrus"
  packages = ["."]
  revision = "ba1b36c82c5e05c4f912a88eab0dcd91a171688f"
  version = "v0.11.5"

[[projects]]
  branch = "master"
  name = "github.com/beorn7/perks"
  packages = ["quantile"]
  revision = "4c0e84591b9aa9e6dcfdf3e020114cd81f89d5f9"

[[projects]]
  name = "github.com/gogo/protobuf"
  packages = ["proto"]
  revision = "100ba4e885062801d56799d78530b73b178a78f3"
  version = "v0.4"

[[projects]]
  branch = "master"
  name = "github.com/golang/protobuf"
  packages = ["proto"]
  revision = "b50ceb1fa9818fa4d78b016c2d4ae025593a7ce3"

[[projects]]
  branch = "master"
  name = "github.com/golang/snappy"
  packages = ["."]
  revision = "553a641470496b2327abcac10b36396bd98e45c9"

[[projects]]
  name = "github.com/influxdata/influxdb"
  packages = ["client/v2","models","pkg/escape"]
  revision = "77909d7c7826afe597b12d957996d6e16cd1afaa"
  version = "v1.2.4"

[[projects]]
  name = "github.com/matttproud/golang_protobuf_extensions"
  packages = ["pbutil"]
  revision = "3247c84500bff8d9fb6d579d800f20b3e091582c"
  version = "v1.0.0"

[[projects]]
  name = "github.com/prometheus/client_golang"
  packages = ["prometheus"]
  revision = "c5b7fccd204277076155f10851dad72b76a49317"
  version = "v0.8.0"

[[projects]]
  branch = "master"
  name = "github.com/prometheus/client_model"
  packages = ["go"]
  revision = "6f3806018612930941127f2a7c6c453ba2c527d2"

[[projects]]
  branch = "master"
  name = "github.com/prometheus/common"
  packages = ["expfmt","internal/bitbucket.org/ww/goautoneg","log","model"]
  revision = "13ba4ddd0caa9c28ca7b7bffe1dfa9ed8d5ef207"

[[projects]]
  branch = "master"
  name = "github.com/prometheus/procfs"
  packages = [".","xfs"]
  revision = "d098ca18df8bc825079013daf7bacefbb1ee877e"

[[projects]]
  name = "github.com/prometheus/prometheus"
  packages = ["config","documentation/examples/remote_storage/remote_storage_adapter/graphite","documentation/examples/remote_storage/remote_storage_adapter/influxdb","documentation/examples/remote_storage/remote_storage_adapter/opentsdb","relabel","storage","storage/local","storage/local/chunk","storage/local/codable","storage/local/index","storage/metric","storage/remote","util/flock","util/httputil","util/testutil"]
  revision = "4666df502c0e239ed4aa1d80abbbfb54f61b23c3"
  version = "v1.6.1"

[[projects]]
  branch = "master"
  name = "github.com/syndtr/goleveldb"
  packages = ["leveldb","leveldb/cache","leveldb/comparer","leveldb/errors","leveldb/filter","leveldb/iterator","leveldb/journal","leveldb/memdb","leveldb/opt","leveldb/storage","leveldb/table","leveldb/util"]
  revision = "8c81ea47d4c41a385645e133e15510fc6a2a74b4"

[[projects]]
  branch = "master"
  name = "golang.org/x/net"
  packages = ["context","context/ctxhttp"]
  revision = "4971afdc2f162e82d185353533d3cf16188a9f4e"

[[projects]]
  branch = "master"
  name = "golang.org/x/sys"
  packages = ["unix","windows","windows/registry","windows/svc/eventlog"]
  revision = "9c9d83fe39ed3fd2d9249fcf6b755891fff54b03"

[[projects]]
  branch = "master"
  name = "golang.org/x/time"
  packages = ["rate"]
  revision = "8be79e1e0910c292df4e79c241bb7e8f7e725959"

[[projects]]
  branch = "v2"
  name = "gopkg.in/yaml.v2"
  packages = ["."]
  revision = "a5b47d31c556af34a302ce5d659e6fea44d90de0"
